
Microsoft Visual Studio Solution File, Format Version 12.00
# Visual Studio 2015
Project("{FAE04EC0-301F-11D3-BF4B-00C04F79EFBC}") = "Tankgame.CSharp", "Tankgame.CSharp.csproj", "{52CFAA70-18C2-5C7C-CDDA-8EF57F00193A}"
EndProject
Global
	GlobalSection(SolutionConfigurationPlatforms) = preSolution
		Debug|Any CPU = Debug|Any CPU
		Release|Any CPU = Release|Any CPU
	EndGlobalSection
	GlobalSection(ProjectConfigurationPlatforms) = postSolution
		{52CFAA70-18C2-5C7C-CDDA-8EF57F00193A}.Debug|Any CPU.ActiveCfg = Debug|Any CPU
		{52CFAA70-18C2-5C7C-CDDA-8EF57F00193A}.Debug|Any CPU.Build.0 = Debug|Any CPU
		{52CFAA70-18C2-5C7C-CDDA-8EF57F00193A}.Release|Any CPU.ActiveCfg = Release|Any CPU
		{52CFAA70-18C2-5C7C-CDDA-8EF57F00193A}.Release|Any CPU.Build.0 = Release|Any CPU
	EndGlobalSection
	GlobalSection(SolutionProperties) = preSolution
		HideSolutionNode = FALSE
	EndGlobalSection
EndGlobal
